{
  "object": {
    "pins": [
      {
        "package": "ConfettiSwiftUI",
        "repositoryURL": "https://github.com/simibac/ConfettiSwiftUI.git",
        "state": {
          "branch": null,
          "revision": "7d07b954afdeffeac7c3ed913296f7d73b600003",
          "version": "0.3.0"
        }
      }
    ]
  },
  "version": 1
}
